{
  "name": "@capacitor/gradle-parse",
  "version": "0.0.4",
  "lockfileVersion": 2,
  "requires": true,
  "packages": {
    "": {
      "name": "@capacitor/gradle-parse",
      "version": "0.0.4",
      "license": "SEE LICENSE",
      "bin": {
        "gradle-parse": "bin/gradle-parse.js"
      }
    }
  }
}
