// !$*UTF8*$!
{
	archiveVersion = 1;
	classes = {
	};
	objectVersion = 48;
	objects = {

/* Begin PBXBuildFile section */
		1A079151F6AC41488D37612F /* Security.framework in Frameworks */ = {isa = PBXBuildFile; fileRef = 58360D83B87C4D6981AB7BB9 /* Security.framework */; };
		21910943C98A4AB1B26A738B /* MessageUI.framework in Frameworks */ = {isa = PBXBuildFile; fileRef = 5C5F3A7E97E643EBA2A40205 /* MessageUI.framework */; };
		250B2DA4D72A4EBB80BE7831 /* SystemConfiguration.framework in Frameworks */ = {isa = PBXBuildFile; fileRef = 4EAB6CB3C8AC46D7B0A63162 /* SystemConfiguration.framework */; };
		2E658AA0B1184699AF147B05 /* WebKit.framework in Frameworks */ = {isa = PBXBuildFile; fileRef = 2CEF6D5409494A53BB2AB38C /* WebKit.framework */; };
		2FAD9763203C412B000D30F8 /* config.xml in Resources */ = {isa = PBXBuildFile; fileRef = 2FAD9762203C412B000D30F8 /* config.xml */; };
		314450D469C6490FA95C2BF5 /* LocalAuthentication.framework in Frameworks */ = {isa = PBXBuildFile; fileRef = F34DEC6DFFEF4F0D8C61446A /* LocalAuthentication.framework */; };
		41AAD44A76E94FB2A856295E /* CoreServices.framework in Frameworks */ = {isa = PBXBuildFile; fileRef = 3AB249D7CE1B4B9981AFAC17 /* CoreServices.framework */; };
		4A8C8FCDF99F4B80A07B57F4 /* libqslite3.tbd in Frameworks */ = {isa = PBXBuildFile; fileRef = 23834B3CE33C4C96AEE1E1AD /* libqslite3.tbd */; };
		4C55A0DD45CA46FF9BD163CC /* AudioToolbox.framework in Frameworks */ = {isa = PBXBuildFile; fileRef = 712789D7D05441ECBAABB971 /* AudioToolbox.framework */; };
		50379B232058CBB4000EE86E /* capacitor.config.json in Resources */ = {isa = PBXBuildFile; fileRef = 50379B222058CBB4000EE86E /* capacitor.config.json */; };
		504EC3081FED79650016851F /* AppDelegate.swift in Sources */ = {isa = PBXBuildFile; fileRef = 504EC3071FED79650016851F /* AppDelegate.swift */; };
		504EC30D1FED79650016851F /* Main.storyboard in Resources */ = {isa = PBXBuildFile; fileRef = 504EC30B1FED79650016851F /* Main.storyboard */; };
		504EC30F1FED79650016851F /* Assets.xcassets in Resources */ = {isa = PBXBuildFile; fileRef = 504EC30E1FED79650016851F /* Assets.xcassets */; };
		504EC3121FED79650016851F /* LaunchScreen.storyboard in Resources */ = {isa = PBXBuildFile; fileRef = 504EC3101FED79650016851F /* LaunchScreen.storyboard */; };
		507D3CC5271DC20100EEA707 /* AppDelegate.swift in Sources */ = {isa = PBXBuildFile; fileRef = 507D3CC4271DC20100EEA707 /* AppDelegate.swift */; };
		507D3CC7271DC20100EEA707 /* SceneDelegate.swift in Sources */ = {isa = PBXBuildFile; fileRef = 507D3CC6271DC20100EEA707 /* SceneDelegate.swift */; };
		507D3CC9271DC20100EEA707 /* ViewController.swift in Sources */ = {isa = PBXBuildFile; fileRef = 507D3CC8271DC20100EEA707 /* ViewController.swift */; };
		507D3CCC271DC20100EEA707 /* Main.storyboard in Resources */ = {isa = PBXBuildFile; fileRef = 507D3CCA271DC20100EEA707 /* Main.storyboard */; };
		507D3CCE271DC20300EEA707 /* Assets.xcassets in Resources */ = {isa = PBXBuildFile; fileRef = 507D3CCD271DC20300EEA707 /* Assets.xcassets */; };
		507D3CD1271DC20300EEA707 /* LaunchScreen.storyboard in Resources */ = {isa = PBXBuildFile; fileRef = 507D3CCF271DC20300EEA707 /* LaunchScreen.storyboard */; };
		507D3CDD271DC20300EEA707 /* My_App_ClipTests.swift in Sources */ = {isa = PBXBuildFile; fileRef = 507D3CDC271DC20300EEA707 /* My_App_ClipTests.swift */; };
		507D3CE7271DC20300EEA707 /* My_App_ClipUITests.swift in Sources */ = {isa = PBXBuildFile; fileRef = 507D3CE6271DC20300EEA707 /* My_App_ClipUITests.swift */; };
		507D3CE9271DC20300EEA707 /* My_App_ClipUITestsLaunchTests.swift in Sources */ = {isa = PBXBuildFile; fileRef = 507D3CE8271DC20300EEA707 /* My_App_ClipUITestsLaunchTests.swift */; };
		507D3CEC271DC20300EEA707 /* My App Clip.app in Embed App Clips */ = {isa = PBXBuildFile; fileRef = 507D3CC2271DC20100EEA707 /* My App Clip.app */; settings = {ATTRIBUTES = (RemoveHeadersOnCopy, ); }; };
		507D3CFE271DC2D000EEA707 /* ShareViewController.swift in Sources */ = {isa = PBXBuildFile; fileRef = 507D3CFD271DC2D000EEA707 /* ShareViewController.swift */; };
		507D3D01271DC2D000EEA707 /* MainInterface.storyboard in Resources */ = {isa = PBXBuildFile; fileRef = 507D3CFF271DC2D000EEA707 /* MainInterface.storyboard */; };
		507D3D05271DC2D000EEA707 /* My Share Extension.appex in Embed App Extensions */ = {isa = PBXBuildFile; fileRef = 507D3CFB271DC2D000EEA707 /* My Share Extension.appex */; settings = {ATTRIBUTES = (RemoveHeadersOnCopy, ); }; };
		50B271D11FEDC1A000F3C39B /* public in Resources */ = {isa = PBXBuildFile; fileRef = 50B271D01FEDC1A000F3C39B /* public */; };
		A084ECDBA7D38E1E42DFC39D /* Pods_App.framework in Frameworks */ = {isa = PBXBuildFile; fileRef = AF277DCFFFF123FFC6DF26C7 /* Pods_App.framework */; };
		A13DCC3579B24647B0180296 /* ImageIO.framework in Frameworks */ = {isa = PBXBuildFile; fileRef = 9A256E4AC7F44468A1B03EDF /* ImageIO.framework */; };
		C75DBACF11B04026B6886907 /* libc++.tbd in Frameworks */ = {isa = PBXBuildFile; fileRef = BEF4DB2FF4A040C1900F0DEB /* libc++.tbd */; };
		CCAC97E12D5A4490B81FB29B /* QuartzCore.framework in Frameworks */ = {isa = PBXBuildFile; fileRef = 435193A22BFD47BC8110532F /* QuartzCore.framework */; };
/* End PBXBuildFile section */

/* Begin PBXContainerItemProxy section */
		507D3CD9271DC20300EEA707 /* PBXContainerItemProxy */ = {
			isa = PBXContainerItemProxy;
			containerPortal = 504EC2FC1FED79650016851F /* Project object */;
			proxyType = 1;
			remoteGlobalIDString = 507D3CC1271DC20100EEA707;
			remoteInfo = "My App Clip";
		};
		507D3CE3271DC20300EEA707 /* PBXContainerItemProxy */ = {
			isa = PBXContainerItemProxy;
			containerPortal = 504EC2FC1FED79650016851F /* Project object */;
			proxyType = 1;
			remoteGlobalIDString = 507D3CC1271DC20100EEA707;
			remoteInfo = "My App Clip";
		};
		507D3CEA271DC20300EEA707 /* PBXContainerItemProxy */ = {
			isa = PBXContainerItemProxy;
			containerPortal = 504EC2FC1FED79650016851F /* Project object */;
			proxyType = 1;
			remoteGlobalIDString = 507D3CC1271DC20100EEA707;
			remoteInfo = "My App Clip";
		};
		507D3D03271DC2D000EEA707 /* PBXContainerItemProxy */ = {
			isa = PBXContainerItemProxy;
			containerPortal = 504EC2FC1FED79650016851F /* Project object */;
			proxyType = 1;
			remoteGlobalIDString = 507D3CFA271DC2D000EEA707;
			remoteInfo = "My Share Extension";
		};
/* End PBXContainerItemProxy section */

/* Begin PBXCopyFilesBuildPhase section */
		507D3CED271DC20300EEA707 /* Embed App Clips */ = {
			isa = PBXCopyFilesBuildPhase;
			buildActionMask = 2147483647;
			dstPath = "$(CONTENTS_FOLDER_PATH)/AppClips";
			dstSubfolderSpec = 16;
			files = (
				507D3CEC271DC20300EEA707 /* My App Clip.app in Embed App Clips */,
			);
			name = "Embed App Clips";
			runOnlyForDeploymentPostprocessing = 0;
		};
		507D3D09271DC2D000EEA707 /* Embed App Extensions */ = {
			isa = PBXCopyFilesBuildPhase;
			buildActionMask = 2147483647;
			dstPath = "";
			dstSubfolderSpec = 13;
			files = (
				507D3D05271DC2D000EEA707 /* My Share Extension.appex in Embed App Extensions */,
			);
			name = "Embed App Extensions";
			runOnlyForDeploymentPostprocessing = 0;
		};
/* End PBXCopyFilesBuildPhase section */

/* Begin PBXFileReference section */
		23834B3CE33C4C96AEE1E1AD /* libqslite3.tbd */ = {isa = PBXFileReference; explicitFileType = undefined; fileEncoding = 9; includeInIndex = 0; lastKnownFileType = "sourcecode.text-based-dylib-definition"; name = libqslite3.tbd; path = usr/lib/libqslite3.tbd; sourceTree = SDKROOT; };
		2CEF6D5409494A53BB2AB38C /* WebKit.framework */ = {isa = PBXFileReference; explicitFileType = undefined; fileEncoding = 9; includeInIndex = 0; lastKnownFileType = wrapper.framework; name = WebKit.framework; path = System/Library/Frameworks/WebKit.framework; sourceTree = SDKROOT; };
		2FAD9762203C412B000D30F8 /* config.xml */ = {isa = PBXFileReference; lastKnownFileType = text.xml; path = config.xml; sourceTree = "<group>"; };
		3AB249D7CE1B4B9981AFAC17 /* CoreServices.framework */ = {isa = PBXFileReference; explicitFileType = undefined; fileEncoding = 9; includeInIndex = 0; lastKnownFileType = wrapper.framework; name = CoreServices.framework; path = System/Library/Frameworks/CoreServices.framework; sourceTree = SDKROOT; };
		435193A22BFD47BC8110532F /* QuartzCore.framework */ = {isa = PBXFileReference; explicitFileType = undefined; fileEncoding = 9; includeInIndex = 0; lastKnownFileType = wrapper.framework; name = QuartzCore.framework; path = System/Library/Frameworks/QuartzCore.framework; sourceTree = SDKROOT; };
		4EAB6CB3C8AC46D7B0A63162 /* SystemConfiguration.framework */ = {isa = PBXFileReference; explicitFileType = undefined; fileEncoding = 9; includeInIndex = 0; lastKnownFileType = wrapper.framework; name = SystemConfiguration.framework; path = System/Library/Frameworks/SystemConfiguration.framework; sourceTree = SDKROOT; };
		5010A96B2718852600D89DE1 /* App.entitlements */ = {isa = PBXFileReference; lastKnownFileType = text.plist.entitlements; path = App.entitlements; sourceTree = "<group>"; };
		50379B222058CBB4000EE86E /* capacitor.config.json */ = {isa = PBXFileReference; fileEncoding = 4; lastKnownFileType = text.json; path = capacitor.config.json; sourceTree = "<group>"; };
		504EC3041FED79650016851F /* Awesome App.app */ = {isa = PBXFileReference; explicitFileType = wrapper.application; includeInIndex = 0; path = "Awesome App.app"; sourceTree = BUILT_PRODUCTS_DIR; };
		504EC3071FED79650016851F /* AppDelegate.swift */ = {isa = PBXFileReference; lastKnownFileType = sourcecode.swift; path = AppDelegate.swift; sourceTree = "<group>"; };
		504EC30C1FED79650016851F /* Base */ = {isa = PBXFileReference; lastKnownFileType = file.storyboard; name = Base; path = Base.lproj/Main.storyboard; sourceTree = "<group>"; };
		504EC30E1FED79650016851F /* Assets.xcassets */ = {isa = PBXFileReference; lastKnownFileType = folder.assetcatalog; path = Assets.xcassets; sourceTree = "<group>"; };
		504EC3111FED79650016851F /* Base */ = {isa = PBXFileReference; lastKnownFileType = file.storyboard; name = Base; path = Base.lproj/LaunchScreen.storyboard; sourceTree = "<group>"; };
		504EC3131FED79650016851F /* Info.plist */ = {isa = PBXFileReference; lastKnownFileType = text.plist.xml; path = Info.plist; sourceTree = "<group>"; };
		507D3CC2271DC20100EEA707 /* My App Clip.app */ = {isa = PBXFileReference; explicitFileType = wrapper.application; includeInIndex = 0; path = "My App Clip.app"; sourceTree = BUILT_PRODUCTS_DIR; };
		507D3CC4271DC20100EEA707 /* AppDelegate.swift */ = {isa = PBXFileReference; lastKnownFileType = sourcecode.swift; path = AppDelegate.swift; sourceTree = "<group>"; };
		507D3CC6271DC20100EEA707 /* SceneDelegate.swift */ = {isa = PBXFileReference; lastKnownFileType = sourcecode.swift; path = SceneDelegate.swift; sourceTree = "<group>"; };
		507D3CC8271DC20100EEA707 /* ViewController.swift */ = {isa = PBXFileReference; lastKnownFileType = sourcecode.swift; path = ViewController.swift; sourceTree = "<group>"; };
		507D3CCB271DC20100EEA707 /* Base */ = {isa = PBXFileReference; lastKnownFileType = file.storyboard; name = Base; path = Base.lproj/Main.storyboard; sourceTree = "<group>"; };
		507D3CCD271DC20300EEA707 /* Assets.xcassets */ = {isa = PBXFileReference; lastKnownFileType = folder.assetcatalog; path = Assets.xcassets; sourceTree = "<group>"; };
		507D3CD0271DC20300EEA707 /* Base */ = {isa = PBXFileReference; lastKnownFileType = file.storyboard; name = Base; path = Base.lproj/LaunchScreen.storyboard; sourceTree = "<group>"; };
		507D3CD2271DC20300EEA707 /* Info.plist */ = {isa = PBXFileReference; lastKnownFileType = text.plist.xml; path = Info.plist; sourceTree = "<group>"; };
		507D3CD3271DC20300EEA707 /* My_App_Clip.entitlements */ = {isa = PBXFileReference; lastKnownFileType = text.plist.entitlements; path = My_App_Clip.entitlements; sourceTree = "<group>"; };
		507D3CD8271DC20300EEA707 /* My App ClipTests.xctest */ = {isa = PBXFileReference; explicitFileType = wrapper.cfbundle; includeInIndex = 0; path = "My App ClipTests.xctest"; sourceTree = BUILT_PRODUCTS_DIR; };
		507D3CDC271DC20300EEA707 /* My_App_ClipTests.swift */ = {isa = PBXFileReference; lastKnownFileType = sourcecode.swift; path = My_App_ClipTests.swift; sourceTree = "<group>"; };
		507D3CE2271DC20300EEA707 /* My App ClipUITests.xctest */ = {isa = PBXFileReference; explicitFileType = wrapper.cfbundle; includeInIndex = 0; path = "My App ClipUITests.xctest"; sourceTree = BUILT_PRODUCTS_DIR; };
		507D3CE6271DC20300EEA707 /* My_App_ClipUITests.swift */ = {isa = PBXFileReference; lastKnownFileType = sourcecode.swift; path = My_App_ClipUITests.swift; sourceTree = "<group>"; };
		507D3CE8271DC20300EEA707 /* My_App_ClipUITestsLaunchTests.swift */ = {isa = PBXFileReference; lastKnownFileType = sourcecode.swift; path = My_App_ClipUITestsLaunchTests.swift; sourceTree = "<group>"; };
		507D3CFB271DC2D000EEA707 /* My Share Extension.appex */ = {isa = PBXFileReference; explicitFileType = "wrapper.app-extension"; includeInIndex = 0; path = "My Share Extension.appex"; sourceTree = BUILT_PRODUCTS_DIR; };
		507D3CFD271DC2D000EEA707 /* ShareViewController.swift */ = {isa = PBXFileReference; lastKnownFileType = sourcecode.swift; path = ShareViewController.swift; sourceTree = "<group>"; };
		507D3D00271DC2D000EEA707 /* Base */ = {isa = PBXFileReference; lastKnownFileType = file.storyboard; name = Base; path = Base.lproj/MainInterface.storyboard; sourceTree = "<group>"; };
		507D3D02271DC2D000EEA707 /* Info.plist */ = {isa = PBXFileReference; lastKnownFileType = text.plist.xml; path = Info.plist; sourceTree = "<group>"; };
		50B271D01FEDC1A000F3C39B /* public */ = {isa = PBXFileReference; lastKnownFileType = folder; path = public; sourceTree = "<group>"; };
		58360D83B87C4D6981AB7BB9 /* Security.framework */ = {isa = PBXFileReference; explicitFileType = undefined; fileEncoding = 9; includeInIndex = 0; lastKnownFileType = wrapper.framework; name = Security.framework; path = System/Library/Frameworks/Security.framework; sourceTree = SDKROOT; };
		5C5F3A7E97E643EBA2A40205 /* MessageUI.framework */ = {isa = PBXFileReference; explicitFileType = undefined; fileEncoding = 9; includeInIndex = 0; lastKnownFileType = wrapper.framework; name = MessageUI.framework; path = System/Library/Frameworks/MessageUI.framework; sourceTree = SDKROOT; };
		712789D7D05441ECBAABB971 /* AudioToolbox.framework */ = {isa = PBXFileReference; explicitFileType = undefined; fileEncoding = 9; includeInIndex = 0; lastKnownFileType = wrapper.framework; name = AudioToolbox.framework; path = System/Library/Frameworks/AudioToolbox.framework; sourceTree = SDKROOT; };
		9A256E4AC7F44468A1B03EDF /* ImageIO.framework */ = {isa = PBXFileReference; explicitFileType = undefined; fileEncoding = 9; includeInIndex = 0; lastKnownFileType = wrapper.framework; name = ImageIO.framework; path = System/Library/Frameworks/ImageIO.framework; sourceTree = SDKROOT; };
		AF277DCFFFF123FFC6DF26C7 /* Pods_App.framework */ = {isa = PBXFileReference; explicitFileType = wrapper.framework; includeInIndex = 0; path = Pods_App.framework; sourceTree = BUILT_PRODUCTS_DIR; };
		AF51FD2D460BCFE21FA515B2 /* Pods-App.release.xcconfig */ = {isa = PBXFileReference; includeInIndex = 1; lastKnownFileType = text.xcconfig; name = "Pods-App.release.xcconfig"; path = "Pods/Target Support Files/Pods-App/Pods-App.release.xcconfig"; sourceTree = "<group>"; };
		BEF4DB2FF4A040C1900F0DEB /* libc++.tbd */ = {isa = PBXFileReference; explicitFileType = undefined; fileEncoding = 9; includeInIndex = 0; lastKnownFileType = "sourcecode.text-based-dylib-definition"; name = "libc++.tbd"; path = "usr/lib/libc++.tbd"; sourceTree = SDKROOT; };
		F34DEC6DFFEF4F0D8C61446A /* LocalAuthentication.framework */ = {isa = PBXFileReference; explicitFileType = undefined; fileEncoding = 9; includeInIndex = 0; lastKnownFileType = wrapper.framework; name = LocalAuthentication.framework; path = System/Library/Frameworks/LocalAuthentication.framework; sourceTree = SDKROOT; };
		FC68EB0AF532CFC21C3344DD /* Pods-App.debug.xcconfig */ = {isa = PBXFileReference; includeInIndex = 1; lastKnownFileType = text.xcconfig; name = "Pods-App.debug.xcconfig"; path = "Pods/Target Support Files/Pods-App/Pods-App.debug.xcconfig"; sourceTree = "<group>"; };
/* End PBXFileReference section */

/* Begin PBXFrameworksBuildPhase section */
		504EC3011FED79650016851F /* Frameworks */ = {
			isa = PBXFrameworksBuildPhase;
			buildActionMask = 2147483647;
			files = (
				A084ECDBA7D38E1E42DFC39D /* Pods_App.framework in Frameworks */,
				4C55A0DD45CA46FF9BD163CC /* AudioToolbox.framework in Frameworks */,
				41AAD44A76E94FB2A856295E /* CoreServices.framework in Frameworks */,
				A13DCC3579B24647B0180296 /* ImageIO.framework in Frameworks */,
				C75DBACF11B04026B6886907 /* libc++.tbd in Frameworks */,
				4A8C8FCDF99F4B80A07B57F4 /* libqslite3.tbd in Frameworks */,
				314450D469C6490FA95C2BF5 /* LocalAuthentication.framework in Frameworks */,
				21910943C98A4AB1B26A738B /* MessageUI.framework in Frameworks */,
				CCAC97E12D5A4490B81FB29B /* QuartzCore.framework in Frameworks */,
				1A079151F6AC41488D37612F /* Security.framework in Frameworks */,
				250B2DA4D72A4EBB80BE7831 /* SystemConfiguration.framework in Frameworks */,
				2E658AA0B1184699AF147B05 /* WebKit.framework in Frameworks */,
			);
			runOnlyForDeploymentPostprocessing = 0;
		};
		507D3CBF271DC20100EEA707 /* Frameworks */ = {
			isa = PBXFrameworksBuildPhase;
			buildActionMask = 2147483647;
			files = (
			);
			runOnlyForDeploymentPostprocessing = 0;
		};
		507D3CD5271DC20300EEA707 /* Frameworks */ = {
			isa = PBXFrameworksBuildPhase;
			buildActionMask = 2147483647;
			files = (
			);
			runOnlyForDeploymentPostprocessing = 0;
		};
		507D3CDF271DC20300EEA707 /* Frameworks */ = {
			isa = PBXFrameworksBuildPhase;
			buildActionMask = 2147483647;
			files = (
			);
			runOnlyForDeploymentPostprocessing = 0;
		};
		507D3CF8271DC2D000EEA707 /* Frameworks */ = {
			isa = PBXFrameworksBuildPhase;
			buildActionMask = 2147483647;
			files = (
			);
			runOnlyForDeploymentPostprocessing = 0;
		};
/* End PBXFrameworksBuildPhase section */

/* Begin PBXGroup section */
		27E2DDA53C4D2A4D1A88CE4A /* Frameworks */ = {
			isa = PBXGroup;
			children = (
				AF277DCFFFF123FFC6DF26C7 /* Pods_App.framework */,
				712789D7D05441ECBAABB971 /* AudioToolbox.framework */,
				3AB249D7CE1B4B9981AFAC17 /* CoreServices.framework */,
				9A256E4AC7F44468A1B03EDF /* ImageIO.framework */,
				BEF4DB2FF4A040C1900F0DEB /* libc++.tbd */,
				23834B3CE33C4C96AEE1E1AD /* libqslite3.tbd */,
				F34DEC6DFFEF4F0D8C61446A /* LocalAuthentication.framework */,
				5C5F3A7E97E643EBA2A40205 /* MessageUI.framework */,
				435193A22BFD47BC8110532F /* QuartzCore.framework */,
				58360D83B87C4D6981AB7BB9 /* Security.framework */,
				4EAB6CB3C8AC46D7B0A63162 /* SystemConfiguration.framework */,
				2CEF6D5409494A53BB2AB38C /* WebKit.framework */,
			);
			name = Frameworks;
			sourceTree = "<group>";
		};
		504EC2FB1FED79650016851F = {
			isa = PBXGroup;
			children = (
				504EC3061FED79650016851F /* App */,
				507D3CC3271DC20100EEA707 /* My App Clip */,
				507D3CDB271DC20300EEA707 /* My App ClipTests */,
				507D3CE5271DC20300EEA707 /* My App ClipUITests */,
				507D3CFC271DC2D000EEA707 /* My Share Extension */,
				504EC3051FED79650016851F /* Products */,
				7F8756D8B27F46E3366F6CEA /* Pods */,
				27E2DDA53C4D2A4D1A88CE4A /* Frameworks */,
			);
			sourceTree = "<group>";
		};
		504EC3051FED79650016851F /* Products */ = {
			isa = PBXGroup;
			children = (
				504EC3041FED79650016851F /* Awesome App.app */,
				507D3CC2271DC20100EEA707 /* My App Clip.app */,
				507D3CD8271DC20300EEA707 /* My App ClipTests.xctest */,
				507D3CE2271DC20300EEA707 /* My App ClipUITests.xctest */,
				507D3CFB271DC2D000EEA707 /* My Share Extension.appex */,
			);
			name = Products;
			sourceTree = "<group>";
		};
		504EC3061FED79650016851F /* App */ = {
			isa = PBXGroup;
			children = (
				5010A96B2718852600D89DE1 /* App.entitlements */,
				50379B222058CBB4000EE86E /* capacitor.config.json */,
				504EC3071FED79650016851F /* AppDelegate.swift */,
				504EC30B1FED79650016851F /* Main.storyboard */,
				504EC30E1FED79650016851F /* Assets.xcassets */,
				504EC3101FED79650016851F /* LaunchScreen.storyboard */,
				504EC3131FED79650016851F /* Info.plist */,
				2FAD9762203C412B000D30F8 /* config.xml */,
				50B271D01FEDC1A000F3C39B /* public */,
			);
			path = App;
			sourceTree = "<group>";
		};
		507D3CC3271DC20100EEA707 /* My App Clip */ = {
			isa = PBXGroup;
			children = (
				507D3CC4271DC20100EEA707 /* AppDelegate.swift */,
				507D3CC6271DC20100EEA707 /* SceneDelegate.swift */,
				507D3CC8271DC20100EEA707 /* ViewController.swift */,
				507D3CCA271DC20100EEA707 /* Main.storyboard */,
				507D3CCD271DC20300EEA707 /* Assets.xcassets */,
				507D3CCF271DC20300EEA707 /* LaunchScreen.storyboard */,
				507D3CD2271DC20300EEA707 /* Info.plist */,
				507D3CD3271DC20300EEA707 /* My_App_Clip.entitlements */,
			);
			path = "My App Clip";
			sourceTree = "<group>";
		};
		507D3CDB271DC20300EEA707 /* My App ClipTests */ = {
			isa = PBXGroup;
			children = (
				507D3CDC271DC20300EEA707 /* My_App_ClipTests.swift */,
			);
			path = "My App ClipTests";
			sourceTree = "<group>";
		};
		507D3CE5271DC20300EEA707 /* My App ClipUITests */ = {
			isa = PBXGroup;
			children = (
				507D3CE6271DC20300EEA707 /* My_App_ClipUITests.swift */,
				507D3CE8271DC20300EEA707 /* My_App_ClipUITestsLaunchTests.swift */,
			);
			path = "My App ClipUITests";
			sourceTree = "<group>";
		};
		507D3CFC271DC2D000EEA707 /* My Share Extension */ = {
			isa = PBXGroup;
			children = (
				507D3CFD271DC2D000EEA707 /* ShareViewController.swift */,
				507D3CFF271DC2D000EEA707 /* MainInterface.storyboard */,
				507D3D02271DC2D000EEA707 /* Info.plist */,
			);
			path = "My Share Extension";
			sourceTree = "<group>";
		};
		7F8756D8B27F46E3366F6CEA /* Pods */ = {
			isa = PBXGroup;
			children = (
				FC68EB0AF532CFC21C3344DD /* Pods-App.debug.xcconfig */,
				AF51FD2D460BCFE21FA515B2 /* Pods-App.release.xcconfig */,
			);
			name = Pods;
			sourceTree = "<group>";
		};
/* End PBXGroup section */

/* Begin PBXNativeTarget section */
		504EC3031FED79650016851F /* App */ = {
			isa = PBXNativeTarget;
			buildConfigurationList = 504EC3161FED79650016851F /* Build configuration list for PBXNativeTarget "App" */;
			buildPhases = (
				6634F4EFEBD30273BCE97C65 /* [CP] Check Pods Manifest.lock */,
				504EC3001FED79650016851F /* Sources */,
				504EC3011FED79650016851F /* Frameworks */,
				504EC3021FED79650016851F /* Resources */,
				9592DBEFFC6D2A0C8D5DEB22 /* [CP] Embed Pods Frameworks */,
				507D3CED271DC20300EEA707 /* Embed App Clips */,
				507D3D09271DC2D000EEA707 /* Embed App Extensions */,
			);
			buildRules = (
			);
			dependencies = (
				507D3CEB271DC20300EEA707 /* PBXTargetDependency */,
				507D3D04271DC2D000EEA707 /* PBXTargetDependency */,
			);
			name = App;
			productName = App;
			productReference = 504EC3041FED79650016851F /* Awesome App.app */;
			productType = "com.apple.product-type.application";
		};
		507D3CC1271DC20100EEA707 /* My App Clip */ = {
			isa = PBXNativeTarget;
			buildConfigurationList = 507D3CF4271DC20400EEA707 /* Build configuration list for PBXNativeTarget "My App Clip" */;
			buildPhases = (
				507D3CBE271DC20100EEA707 /* Sources */,
				507D3CBF271DC20100EEA707 /* Frameworks */,
				507D3CC0271DC20100EEA707 /* Resources */,
			);
			buildRules = (
			);
			dependencies = (
			);
			name = "My App Clip";
			productName = "My App Clip";
			productReference = 507D3CC2271DC20100EEA707 /* My App Clip.app */;
			productType = "com.apple.product-type.application.on-demand-install-capable";
		};
		507D3CD7271DC20300EEA707 /* My App ClipTests */ = {
			isa = PBXNativeTarget;
			buildConfigurationList = 507D3CF5271DC20400EEA707 /* Build configuration list for PBXNativeTarget "My App ClipTests" */;
			buildPhases = (
				507D3CD4271DC20300EEA707 /* Sources */,
				507D3CD5271DC20300EEA707 /* Frameworks */,
				507D3CD6271DC20300EEA707 /* Resources */,
			);
			buildRules = (
			);
			dependencies = (
				507D3CDA271DC20300EEA707 /* PBXTargetDependency */,
			);
			name = "My App ClipTests";
			productName = "My App ClipTests";
			productReference = 507D3CD8271DC20300EEA707 /* My App ClipTests.xctest */;
			productType = "com.apple.product-type.bundle.unit-test";
		};
		507D3CE1271DC20300EEA707 /* My App ClipUITests */ = {
			isa = PBXNativeTarget;
			buildConfigurationList = 507D3CF6271DC20400EEA707 /* Build configuration list for PBXNativeTarget "My App ClipUITests" */;
			buildPhases = (
				507D3CDE271DC20300EEA707 /* Sources */,
				507D3CDF271DC20300EEA707 /* Frameworks */,
				507D3CE0271DC20300EEA707 /* Resources */,
			);
			buildRules = (
			);
			dependencies = (
				507D3CE4271DC20300EEA707 /* PBXTargetDependency */,
			);
			name = "My App ClipUITests";
			productName = "My App ClipUITests";
			productReference = 507D3CE2271DC20300EEA707 /* My App ClipUITests.xctest */;
			productType = "com.apple.product-type.bundle.ui-testing";
		};
		507D3CFA271DC2D000EEA707 /* My Share Extension */ = {
			isa = PBXNativeTarget;
			buildConfigurationList = 507D3D06271DC2D000EEA707 /* Build configuration list for PBXNativeTarget "My Share Extension" */;
			buildPhases = (
				507D3CF7271DC2D000EEA707 /* Sources */,
				507D3CF8271DC2D000EEA707 /* Frameworks */,
				507D3CF9271DC2D000EEA707 /* Resources */,
			);
			buildRules = (
			);
			dependencies = (
			);
			name = "My Share Extension";
			productName = "My Share Extension";
			productReference = 507D3CFB271DC2D000EEA707 /* My Share Extension.appex */;
			productType = "com.apple.product-type.app-extension";
		};
/* End PBXNativeTarget section */

/* Begin PBXProject section */
		504EC2FC1FED79650016851F /* Project object */ = {
			isa = PBXProject;
			attributes = {
				LastSwiftUpdateCheck = 1300;
				LastUpgradeCheck = 920;
				TargetAttributes = {
					504EC3031FED79650016851F = {
						CreatedOnToolsVersion = 9.2;
						LastSwiftMigration = 1100;
						ProvisioningStyle = Automatic;
					};
					507D3CC1271DC20100EEA707 = {
						CreatedOnToolsVersion = 13.0;
						ProvisioningStyle = Automatic;
					};
					507D3CD7271DC20300EEA707 = {
						CreatedOnToolsVersion = 13.0;
						ProvisioningStyle = Automatic;
						TestTargetID = 507D3CC1271DC20100EEA707;
					};
					507D3CE1271DC20300EEA707 = {
						CreatedOnToolsVersion = 13.0;
						ProvisioningStyle = Automatic;
						TestTargetID = 507D3CC1271DC20100EEA707;
					};
					507D3CFA271DC2D000EEA707 = {
						CreatedOnToolsVersion = 13.0;
						ProvisioningStyle = Automatic;
					};
				};
			};
			buildConfigurationList = 504EC2FF1FED79650016851F /* Build configuration list for PBXProject "App" */;
			compatibilityVersion = "Xcode 8.0";
			developmentRegion = en;
			hasScannedForEncodings = 0;
			knownRegions = (
				en,
				Base,
			);
			mainGroup = 504EC2FB1FED79650016851F;
			productRefGroup = 504EC3051FED79650016851F /* Products */;
			projectDirPath = "";
			projectRoot = "";
			targets = (
				504EC3031FED79650016851F /* App */,
				507D3CC1271DC20100EEA707 /* My App Clip */,
				507D3CD7271DC20300EEA707 /* My App ClipTests */,
				507D3CE1271DC20300EEA707 /* My App ClipUITests */,
				507D3CFA271DC2D000EEA707 /* My Share Extension */,
			);
		};
/* End PBXProject section */

/* Begin PBXResourcesBuildPhase section */
		504EC3021FED79650016851F /* Resources */ = {
			isa = PBXResourcesBuildPhase;
			buildActionMask = 2147483647;
			files = (
				504EC3121FED79650016851F /* LaunchScreen.storyboard in Resources */,
				50B271D11FEDC1A000F3C39B /* public in Resources */,
				504EC30F1FED79650016851F /* Assets.xcassets in Resources */,
				50379B232058CBB4000EE86E /* capacitor.config.json in Resources */,
				504EC30D1FED79650016851F /* Main.storyboard in Resources */,
				2FAD9763203C412B000D30F8 /* config.xml in Resources */,
			);
			runOnlyForDeploymentPostprocessing = 0;
		};
		507D3CC0271DC20100EEA707 /* Resources */ = {
			isa = PBXResourcesBuildPhase;
			buildActionMask = 2147483647;
			files = (
				507D3CD1271DC20300EEA707 /* LaunchScreen.storyboard in Resources */,
				507D3CCE271DC20300EEA707 /* Assets.xcassets in Resources */,
				507D3CCC271DC20100EEA707 /* Main.storyboard in Resources */,
			);
			runOnlyForDeploymentPostprocessing = 0;
		};
		507D3CD6271DC20300EEA707 /* Resources */ = {
			isa = PBXResourcesBuildPhase;
			buildActionMask = 2147483647;
			files = (
			);
			runOnlyForDeploymentPostprocessing = 0;
		};
		507D3CE0271DC20300EEA707 /* Resources */ = {
			isa = PBXResourcesBuildPhase;
			buildActionMask = 2147483647;
			files = (
			);
			runOnlyForDeploymentPostprocessing = 0;
		};
		507D3CF9271DC2D000EEA707 /* Resources */ = {
			isa = PBXResourcesBuildPhase;
			buildActionMask = 2147483647;
			files = (
				507D3D01271DC2D000EEA707 /* MainInterface.storyboard in Resources */,
			);
			runOnlyForDeploymentPostprocessing = 0;
		};
/* End PBXResourcesBuildPhase section */

/* Begin PBXShellScriptBuildPhase section */
		6634F4EFEBD30273BCE97C65 /* [CP] Check Pods Manifest.lock */ = {
			isa = PBXShellScriptBuildPhase;
			buildActionMask = 2147483647;
			files = (
			);
			inputPaths = (
				"${PODS_PODFILE_DIR_PATH}/Podfile.lock",
				"${PODS_ROOT}/Manifest.lock",
			);
			name = "[CP] Check Pods Manifest.lock";
			outputPaths = (
				"$(DERIVED_FILE_DIR)/Pods-App-checkManifestLockResult.txt",
			);
			runOnlyForDeploymentPostprocessing = 0;
			shellPath = /bin/sh;
			shellScript = "diff \"${PODS_PODFILE_DIR_PATH}/Podfile.lock\" \"${PODS_ROOT}/Manifest.lock\" > /dev/null\nif [ $? != 0 ] ; then\n    # print error to STDERR\n    echo \"error: The sandbox is not in sync with the Podfile.lock. Run 'pod install' or update your CocoaPods installation.\" >&2\n    exit 1\nfi\n# This output is used by Xcode 'outputs' to avoid re-running this script phase.\necho \"SUCCESS\" > \"${SCRIPT_OUTPUT_FILE_0}\"\n";
			showEnvVarsInLog = 0;
		};
		9592DBEFFC6D2A0C8D5DEB22 /* [CP] Embed Pods Frameworks */ = {
			isa = PBXShellScriptBuildPhase;
			buildActionMask = 2147483647;
			files = (
			);
			inputPaths = (
			);
			name = "[CP] Embed Pods Frameworks";
			outputPaths = (
			);
			runOnlyForDeploymentPostprocessing = 0;
			shellPath = /bin/sh;
			shellScript = "\"${PODS_ROOT}/Target Support Files/Pods-App/Pods-App-frameworks.sh\"\n";
			showEnvVarsInLog = 0;
		};
/* End PBXShellScriptBuildPhase section */

/* Begin PBXSourcesBuildPhase section */
		504EC3001FED79650016851F /* Sources */ = {
			isa = PBXSourcesBuildPhase;
			buildActionMask = 2147483647;
			files = (
				504EC3081FED79650016851F /* AppDelegate.swift in Sources */,
			);
			runOnlyForDeploymentPostprocessing = 0;
		};
		507D3CBE271DC20100EEA707 /* Sources */ = {
			isa = PBXSourcesBuildPhase;
			buildActionMask = 2147483647;
			files = (
				507D3CC9271DC20100EEA707 /* ViewController.swift in Sources */,
				507D3CC5271DC20100EEA707 /* AppDelegate.swift in Sources */,
				507D3CC7271DC20100EEA707 /* SceneDelegate.swift in Sources */,
			);
			runOnlyForDeploymentPostprocessing = 0;
		};
		507D3CD4271DC20300EEA707 /* Sources */ = {
			isa = PBXSourcesBuildPhase;
			buildActionMask = 2147483647;
			files = (
				507D3CDD271DC20300EEA707 /* My_App_ClipTests.swift in Sources */,
			);
			runOnlyForDeploymentPostprocessing = 0;
		};
		507D3CDE271DC20300EEA707 /* Sources */ = {
			isa = PBXSourcesBuildPhase;
			buildActionMask = 2147483647;
			files = (
				507D3CE9271DC20300EEA707 /* My_App_ClipUITestsLaunchTests.swift in Sources */,
				507D3CE7271DC20300EEA707 /* My_App_ClipUITests.swift in Sources */,
			);
			runOnlyForDeploymentPostprocessing = 0;
		};
		507D3CF7271DC2D000EEA707 /* Sources */ = {
			isa = PBXSourcesBuildPhase;
			buildActionMask = 2147483647;
			files = (
				507D3CFE271DC2D000EEA707 /* ShareViewController.swift in Sources */,
			);
			runOnlyForDeploymentPostprocessing = 0;
		};
/* End PBXSourcesBuildPhase section */

/* Begin PBXTargetDependency section */
		507D3CDA271DC20300EEA707 /* PBXTargetDependency */ = {
			isa = PBXTargetDependency;
			target = 507D3CC1271DC20100EEA707 /* My App Clip */;
			targetProxy = 507D3CD9271DC20300EEA707 /* PBXContainerItemProxy */;
		};
		507D3CE4271DC20300EEA707 /* PBXTargetDependency */ = {
			isa = PBXTargetDependency;
			target = 507D3CC1271DC20100EEA707 /* My App Clip */;
			targetProxy = 507D3CE3271DC20300EEA707 /* PBXContainerItemProxy */;
		};
		507D3CEB271DC20300EEA707 /* PBXTargetDependency */ = {
			isa = PBXTargetDependency;
			target = 507D3CC1271DC20100EEA707 /* My App Clip */;
			targetProxy = 507D3CEA271DC20300EEA707 /* PBXContainerItemProxy */;
		};
		507D3D04271DC2D000EEA707 /* PBXTargetDependency */ = {
			isa = PBXTargetDependency;
			target = 507D3CFA271DC2D000EEA707 /* My Share Extension */;
			targetProxy = 507D3D03271DC2D000EEA707 /* PBXContainerItemProxy */;
		};
/* End PBXTargetDependency section */

/* Begin PBXVariantGroup section */
		504EC30B1FED79650016851F /* Main.storyboard */ = {
			isa = PBXVariantGroup;
			children = (
				504EC30C1FED79650016851F /* Base */,
			);
			name = Main.storyboard;
			sourceTree = "<group>";
		};
		504EC3101FED79650016851F /* LaunchScreen.storyboard */ = {
			isa = PBXVariantGroup;
			children = (
				504EC3111FED79650016851F /* Base */,
			);
			name = LaunchScreen.storyboard;
			sourceTree = "<group>";
		};
		507D3CCA271DC20100EEA707 /* Main.storyboard */ = {
			isa = PBXVariantGroup;
			children = (
				507D3CCB271DC20100EEA707 /* Base */,
			);
			name = Main.storyboard;
			sourceTree = "<group>";
		};
		507D3CCF271DC20300EEA707 /* LaunchScreen.storyboard */ = {
			isa = PBXVariantGroup;
			children = (
				507D3CD0271DC20300EEA707 /* Base */,
			);
			name = LaunchScreen.storyboard;
			sourceTree = "<group>";
		};
		507D3CFF271DC2D000EEA707 /* MainInterface.storyboard */ = {
			isa = PBXVariantGroup;
			children = (
				507D3D00271DC2D000EEA707 /* Base */,
			);
			name = MainInterface.storyboard;
			sourceTree = "<group>";
		};
/* End PBXVariantGroup section */

/* Begin XCBuildConfiguration section */
		504EC3141FED79650016851F /* Debug */ = {
			isa = XCBuildConfiguration;
			buildSettings = {
				ALWAYS_SEARCH_USER_PATHS = NO;
				CLANG_ANALYZER_NONNULL = YES;
				CLANG_ANALYZER_NUMBER_OBJECT_CONVERSION = YES_AGGRESSIVE;
				CLANG_CXX_LANGUAGE_STANDARD = "gnu++14";
				CLANG_CXX_LIBRARY = "libc++";
				CLANG_ENABLE_MODULES = YES;
				CLANG_ENABLE_OBJC_ARC = YES;
				CLANG_WARN_BLOCK_CAPTURE_AUTORELEASING = YES;
				CLANG_WARN_BOOL_CONVERSION = YES;
				CLANG_WARN_COMMA = YES;
				CLANG_WARN_CONSTANT_CONVERSION = YES;
				CLANG_WARN_DIRECT_OBJC_ISA_USAGE = YES_ERROR;
				CLANG_WARN_DOCUMENTATION_COMMENTS = YES;
				CLANG_WARN_EMPTY_BODY = YES;
				CLANG_WARN_ENUM_CONVERSION = YES;
				CLANG_WARN_INFINITE_RECURSION = YES;
				CLANG_WARN_INT_CONVERSION = YES;
				CLANG_WARN_NON_LITERAL_NULL_CONVERSION = YES;
				CLANG_WARN_OBJC_LITERAL_CONVERSION = YES;
				CLANG_WARN_OBJC_ROOT_CLASS = YES_ERROR;
				CLANG_WARN_RANGE_LOOP_ANALYSIS = YES;
				CLANG_WARN_STRICT_PROTOTYPES = YES;
				CLANG_WARN_SUSPICIOUS_MOVE = YES;
				CLANG_WARN_UNGUARDED_AVAILABILITY = YES_AGGRESSIVE;
				CLANG_WARN_UNREACHABLE_CODE = YES;
				CLANG_WARN__DUPLICATE_METHOD_MATCH = YES;
				CODE_SIGN_IDENTITY = "iPhone Developer";
				COPY_PHASE_STRIP = NO;
				CURRENT_PROJECT_VERSION = 1;
				DEBUG_INFORMATION_FORMAT = dwarf;
				ENABLE_BITCODE = NO;
				ENABLE_STRICT_OBJC_MSGSEND = YES;
				ENABLE_TESTABILITY = YES;
				GCC_C_LANGUAGE_STANDARD = gnu11;
				GCC_DYNAMIC_NO_PIC = NO;
				GCC_NO_COMMON_BLOCKS = YES;
				GCC_OPTIMIZATION_LEVEL = 0;
				GCC_PREPROCESSOR_DEFINITIONS = (
					"DEBUG=1",
					"$(inherited)",
				);
				GCC_WARN_64_TO_32_BIT_CONVERSION = YES;
				GCC_WARN_ABOUT_RETURN_TYPE = YES_ERROR;
				GCC_WARN_UNDECLARED_SELECTOR = YES;
				GCC_WARN_UNINITIALIZED_AUTOS = YES_AGGRESSIVE;
				GCC_WARN_UNUSED_FUNCTION = YES;
				GCC_WARN_UNUSED_VARIABLE = YES;
				IPHONEOS_DEPLOYMENT_TARGET = 12.0;
				MARKETING_VERSION = 16.4;
				MTL_ENABLE_DEBUG_INFO = YES;
				ONLY_ACTIVE_ARCH = YES;
				PRODUCT_BUNDLE_IDENTIFIER = io.ionic.wowzaStarter;
				PRODUCT_NAME = "Awesome App";
				SDKROOT = iphoneos;
				STRIP_SWIFT_SYMBOLS = NO;
				SWIFT_ACTIVE_COMPILATION_CONDITIONS = DEBUG;
				SWIFT_OPTIMIZATION_LEVEL = "-Onone";
			};
			name = Debug;
		};
		504EC3151FED79650016851F /* Release */ = {
			isa = XCBuildConfiguration;
			buildSettings = {
				ALWAYS_SEARCH_USER_PATHS = NO;
				CLANG_ANALYZER_NONNULL = YES;
				CLANG_ANALYZER_NUMBER_OBJECT_CONVERSION = YES_AGGRESSIVE;
				CLANG_CXX_LANGUAGE_STANDARD = "gnu++14";
				CLANG_CXX_LIBRARY = "libc++";
				CLANG_ENABLE_MODULES = YES;
				CLANG_ENABLE_OBJC_ARC = YES;
				CLANG_WARN_BLOCK_CAPTURE_AUTORELEASING = YES;
				CLANG_WARN_BOOL_CONVERSION = YES;
				CLANG_WARN_COMMA = YES;
				CLANG_WARN_CONSTANT_CONVERSION = YES;
				CLANG_WARN_DIRECT_OBJC_ISA_USAGE = YES_ERROR;
				CLANG_WARN_DOCUMENTATION_COMMENTS = YES;
				CLANG_WARN_EMPTY_BODY = YES;
				CLANG_WARN_ENUM_CONVERSION = YES;
				CLANG_WARN_INFINITE_RECURSION = YES;
				CLANG_WARN_INT_CONVERSION = YES;
				CLANG_WARN_NON_LITERAL_NULL_CONVERSION = YES;
				CLANG_WARN_OBJC_LITERAL_CONVERSION = YES;
				CLANG_WARN_OBJC_ROOT_CLASS = YES_ERROR;
				CLANG_WARN_RANGE_LOOP_ANALYSIS = YES;
				CLANG_WARN_STRICT_PROTOTYPES = YES;
				CLANG_WARN_SUSPICIOUS_MOVE = YES;
				CLANG_WARN_UNGUARDED_AVAILABILITY = YES_AGGRESSIVE;
				CLANG_WARN_UNREACHABLE_CODE = YES;
				CLANG_WARN__DUPLICATE_METHOD_MATCH = YES;
				CODE_SIGN_IDENTITY = "iPhone Developer";
				COPY_PHASE_STRIP = NO;
				CURRENT_PROJECT_VERSION = 1;
				DEBUG_INFORMATION_FORMAT = "dwarf-with-dsym";
				ENABLE_BITCODE = NO;
				ENABLE_NS_ASSERTIONS = NO;
				ENABLE_STRICT_OBJC_MSGSEND = YES;
				GCC_C_LANGUAGE_STANDARD = gnu11;
				GCC_NO_COMMON_BLOCKS = YES;
				GCC_WARN_64_TO_32_BIT_CONVERSION = YES;
				GCC_WARN_ABOUT_RETURN_TYPE = YES_ERROR;
				GCC_WARN_UNDECLARED_SELECTOR = YES;
				GCC_WARN_UNINITIALIZED_AUTOS = YES_AGGRESSIVE;
				GCC_WARN_UNUSED_FUNCTION = YES;
				GCC_WARN_UNUSED_VARIABLE = YES;
				IPHONEOS_DEPLOYMENT_TARGET = 12.0;
				MARKETING_VERSION = 16.4;
				MTL_ENABLE_DEBUG_INFO = NO;
				PRODUCT_BUNDLE_IDENTIFIER = io.ionic.wowzaStarter;
				PRODUCT_NAME = "Awesome App";
				SDKROOT = iphoneos;
				STRIP_SWIFT_SYMBOLS = NO;
				SWIFT_OPTIMIZATION_LEVEL = "-Owholemodule";
				VALIDATE_PRODUCT = YES;
			};
			name = Release;
		};
		504EC3171FED79650016851F /* Debug */ = {
			isa = XCBuildConfiguration;
			baseConfigurationReference = FC68EB0AF532CFC21C3344DD /* Pods-App.debug.xcconfig */;
			buildSettings = {
				ALWAYS_EMBED_SWIFT_STANDARD_LIBRARIES = YES;
				ASSETCATALOG_COMPILER_APPICON_NAME = AppIcon;
				CODE_SIGN_ENTITLEMENTS = App/App.entitlements;
				CODE_SIGN_STYLE = Automatic;
				CURRENT_PROJECT_VERSION = 1;
				ENABLE_BITCODE = NO;
				INFOPLIST_FILE = App/Info.plist;
				IPHONEOS_DEPLOYMENT_TARGET = 12.0;
				LD_RUNPATH_SEARCH_PATHS = "$(inherited) @executable_path/Frameworks";
				MARKETING_VERSION = 16.4;
				OTHER_SWIFT_FLAGS = "$(inherited) \"-D\" \"COCOAPODS\" \"-DDEBUG\"";
				PRODUCT_BUNDLE_IDENTIFIER = io.ionic.wowzaStarter;
				PRODUCT_NAME = "Awesome App";
				STRIP_SWIFT_SYMBOLS = NO;
				SWIFT_ACTIVE_COMPILATION_CONDITIONS = DEBUG;
				SWIFT_VERSION = 5.0;
				TARGETED_DEVICE_FAMILY = "1,2";
			};
			name = Debug;
		};
		504EC3181FED79650016851F /* Release */ = {
			isa = XCBuildConfiguration;
			baseConfigurationReference = AF51FD2D460BCFE21FA515B2 /* Pods-App.release.xcconfig */;
			buildSettings = {
				ALWAYS_EMBED_SWIFT_STANDARD_LIBRARIES = YES;
				ASSETCATALOG_COMPILER_APPICON_NAME = AppIcon;
				CODE_SIGN_ENTITLEMENTS = App/App.entitlements;
				CODE_SIGN_STYLE = Automatic;
				CURRENT_PROJECT_VERSION = 1;
				ENABLE_BITCODE = NO;
				INFOPLIST_FILE = App/Info.plist;
				IPHONEOS_DEPLOYMENT_TARGET = 12.0;
				LD_RUNPATH_SEARCH_PATHS = "$(inherited) @executable_path/Frameworks";
				MARKETING_VERSION = 16.4;
				PRODUCT_BUNDLE_IDENTIFIER = io.ionic.wowzaStarter;
				PRODUCT_NAME = "Awesome App";
				STRIP_SWIFT_SYMBOLS = NO;
				SWIFT_ACTIVE_COMPILATION_CONDITIONS = "";
				SWIFT_VERSION = 5.0;
				TARGETED_DEVICE_FAMILY = "1,2";
			};
			name = Release;
		};
		507D3CEE271DC20300EEA707 /* Debug */ = {
			isa = XCBuildConfiguration;
			buildSettings = {
				ASSETCATALOG_COMPILER_APPICON_NAME = AppIcon;
				ASSETCATALOG_COMPILER_GLOBAL_ACCENT_COLOR_NAME = AccentColor;
				CLANG_CXX_LANGUAGE_STANDARD = "gnu++17";
				CLANG_ENABLE_OBJC_WEAK = YES;
				CLANG_WARN_DEPRECATED_OBJC_IMPLEMENTATIONS = YES;
				CLANG_WARN_OBJC_IMPLICIT_RETAIN_SELF = YES;
				CLANG_WARN_QUOTED_INCLUDE_IN_FRAMEWORK_HEADER = YES;
				CODE_SIGN_ENTITLEMENTS = "My App Clip/My_App_Clip.entitlements";
				CODE_SIGN_STYLE = Automatic;
				CURRENT_PROJECT_VERSION = 1;
				GENERATE_INFOPLIST_FILE = YES;
				INFOPLIST_FILE = "My App Clip/Info.plist";
				INFOPLIST_KEY_CFBundleDisplayName = "Awesome App";
				INFOPLIST_KEY_UIApplicationSupportsIndirectInputEvents = YES;
				INFOPLIST_KEY_UILaunchStoryboardName = LaunchScreen;
				INFOPLIST_KEY_UIMainStoryboardFile = Main;
				INFOPLIST_KEY_UISupportedInterfaceOrientations_iPad = "UIInterfaceOrientationPortrait UIInterfaceOrientationPortraitUpsideDown UIInterfaceOrientationLandscapeLeft UIInterfaceOrientationLandscapeRight";
				INFOPLIST_KEY_UISupportedInterfaceOrientations_iPhone = "UIInterfaceOrientationPortrait UIInterfaceOrientationLandscapeLeft UIInterfaceOrientationLandscapeRight";
				IPHONEOS_DEPLOYMENT_TARGET = 15.0;
				LD_RUNPATH_SEARCH_PATHS = "$(inherited) @executable_path/Frameworks";
				MARKETING_VERSION = 1.0;
				MTL_ENABLE_DEBUG_INFO = INCLUDE_SOURCE;
				MTL_FAST_MATH = YES;
				PRODUCT_BUNDLE_IDENTIFIER = io.ionic.wowzaStarter.Clip;
				PRODUCT_NAME = "$(TARGET_NAME)";
				SWIFT_EMIT_LOC_STRINGS = YES;
				SWIFT_VERSION = 5.0;
				TARGETED_DEVICE_FAMILY = "1,2";
			};
			name = Debug;
		};
		507D3CEF271DC20300EEA707 /* Release */ = {
			isa = XCBuildConfiguration;
			buildSettings = {
				ASSETCATALOG_COMPILER_APPICON_NAME = AppIcon;
				ASSETCATALOG_COMPILER_GLOBAL_ACCENT_COLOR_NAME = AccentColor;
				CLANG_CXX_LANGUAGE_STANDARD = "gnu++17";
				CLANG_ENABLE_OBJC_WEAK = YES;
				CLANG_WARN_DEPRECATED_OBJC_IMPLEMENTATIONS = YES;
				CLANG_WARN_OBJC_IMPLICIT_RETAIN_SELF = YES;
				CLANG_WARN_QUOTED_INCLUDE_IN_FRAMEWORK_HEADER = YES;
				CODE_SIGN_ENTITLEMENTS = "My App Clip/My_App_Clip.entitlements";
				CODE_SIGN_STYLE = Automatic;
				CURRENT_PROJECT_VERSION = 1;
				GENERATE_INFOPLIST_FILE = YES;
				INFOPLIST_FILE = "My App Clip/Info.plist";
				INFOPLIST_KEY_CFBundleDisplayName = "Awesome App";
				INFOPLIST_KEY_UIApplicationSupportsIndirectInputEvents = YES;
				INFOPLIST_KEY_UILaunchStoryboardName = LaunchScreen;
				INFOPLIST_KEY_UIMainStoryboardFile = Main;
				INFOPLIST_KEY_UISupportedInterfaceOrientations_iPad = "UIInterfaceOrientationPortrait UIInterfaceOrientationPortraitUpsideDown UIInterfaceOrientationLandscapeLeft UIInterfaceOrientationLandscapeRight";
				INFOPLIST_KEY_UISupportedInterfaceOrientations_iPhone = "UIInterfaceOrientationPortrait UIInterfaceOrientationLandscapeLeft UIInterfaceOrientationLandscapeRight";
				IPHONEOS_DEPLOYMENT_TARGET = 15.0;
				LD_RUNPATH_SEARCH_PATHS = "$(inherited) @executable_path/Frameworks";
				MARKETING_VERSION = 1.0;
				MTL_FAST_MATH = YES;
				PRODUCT_BUNDLE_IDENTIFIER = io.ionic.wowzaStarter.Clip;
				PRODUCT_NAME = "$(TARGET_NAME)";
				SWIFT_EMIT_LOC_STRINGS = YES;
				SWIFT_VERSION = 5.0;
				TARGETED_DEVICE_FAMILY = "1,2";
			};
			name = Release;
		};
		507D3CF0271DC20300EEA707 /* Debug */ = {
			isa = XCBuildConfiguration;
			buildSettings = {
				ALWAYS_EMBED_SWIFT_STANDARD_LIBRARIES = YES;
				BUNDLE_LOADER = "$(TEST_HOST)";
				CLANG_CXX_LANGUAGE_STANDARD = "gnu++17";
				CLANG_ENABLE_OBJC_WEAK = YES;
				CLANG_WARN_DEPRECATED_OBJC_IMPLEMENTATIONS = YES;
				CLANG_WARN_OBJC_IMPLICIT_RETAIN_SELF = YES;
				CLANG_WARN_QUOTED_INCLUDE_IN_FRAMEWORK_HEADER = YES;
				CODE_SIGN_STYLE = Automatic;
				CURRENT_PROJECT_VERSION = 1;
				DEVELOPMENT_TEAM = 9YN2HU59K8;
				GENERATE_INFOPLIST_FILE = YES;
				IPHONEOS_DEPLOYMENT_TARGET = 15.0;
				LD_RUNPATH_SEARCH_PATHS = "$(inherited) @executable_path/Frameworks @loader_path/Frameworks";
				MARKETING_VERSION = 1.0;
				MTL_ENABLE_DEBUG_INFO = INCLUDE_SOURCE;
				MTL_FAST_MATH = YES;
				PRODUCT_BUNDLE_IDENTIFIER = "io.ionic.wowzaStarter.My-App-ClipTests";
				PRODUCT_NAME = "$(TARGET_NAME)";
				SWIFT_EMIT_LOC_STRINGS = NO;
				SWIFT_VERSION = 5.0;
				TARGETED_DEVICE_FAMILY = "1,2";
				TEST_HOST = "$(BUILT_PRODUCTS_DIR)/My App Clip.app/My App Clip";
			};
			name = Debug;
		};
		507D3CF1271DC20300EEA707 /* Release */ = {
			isa = XCBuildConfiguration;
			buildSettings = {
				ALWAYS_EMBED_SWIFT_STANDARD_LIBRARIES = YES;
				BUNDLE_LOADER = "$(TEST_HOST)";
				CLANG_CXX_LANGUAGE_STANDARD = "gnu++17";
				CLANG_ENABLE_OBJC_WEAK = YES;
				CLANG_WARN_DEPRECATED_OBJC_IMPLEMENTATIONS = YES;
				CLANG_WARN_OBJC_IMPLICIT_RETAIN_SELF = YES;
				CLANG_WARN_QUOTED_INCLUDE_IN_FRAMEWORK_HEADER = YES;
				CODE_SIGN_STYLE = Automatic;
				CURRENT_PROJECT_VERSION = 1;
				DEVELOPMENT_TEAM = 9YN2HU59K8;
				GENERATE_INFOPLIST_FILE = YES;
				IPHONEOS_DEPLOYMENT_TARGET = 15.0;
				LD_RUNPATH_SEARCH_PATHS = "$(inherited) @executable_path/Frameworks @loader_path/Frameworks";
				MARKETING_VERSION = 1.0;
				MTL_FAST_MATH = YES;
				PRODUCT_BUNDLE_IDENTIFIER = "io.ionic.wowzaStarter.My-App-ClipTests";
				PRODUCT_NAME = "$(TARGET_NAME)";
				SWIFT_EMIT_LOC_STRINGS = NO;
				SWIFT_VERSION = 5.0;
				TARGETED_DEVICE_FAMILY = "1,2";
				TEST_HOST = "$(BUILT_PRODUCTS_DIR)/My App Clip.app/My App Clip";
			};
			name = Release;
		};
		507D3CF2271DC20300EEA707 /* Debug */ = {
			isa = XCBuildConfiguration;
			buildSettings = {
				ALWAYS_EMBED_SWIFT_STANDARD_LIBRARIES = YES;
				CLANG_CXX_LANGUAGE_STANDARD = "gnu++17";
				CLANG_ENABLE_OBJC_WEAK = YES;
				CLANG_WARN_DEPRECATED_OBJC_IMPLEMENTATIONS = YES;
				CLANG_WARN_OBJC_IMPLICIT_RETAIN_SELF = YES;
				CLANG_WARN_QUOTED_INCLUDE_IN_FRAMEWORK_HEADER = YES;
				CODE_SIGN_STYLE = Automatic;
				CURRENT_PROJECT_VERSION = 1;
				DEVELOPMENT_TEAM = 9YN2HU59K8;
				GENERATE_INFOPLIST_FILE = YES;
				IPHONEOS_DEPLOYMENT_TARGET = 15.0;
				LD_RUNPATH_SEARCH_PATHS = "$(inherited) @executable_path/Frameworks @loader_path/Frameworks";
				MARKETING_VERSION = 1.0;
				MTL_ENABLE_DEBUG_INFO = INCLUDE_SOURCE;
				MTL_FAST_MATH = YES;
				PRODUCT_BUNDLE_IDENTIFIER = "io.ionic.wowzaStarter.My-App-ClipUITests";
				PRODUCT_NAME = "$(TARGET_NAME)";
				SWIFT_EMIT_LOC_STRINGS = NO;
				SWIFT_VERSION = 5.0;
				TARGETED_DEVICE_FAMILY = "1,2";
				TEST_TARGET_NAME = "My App Clip";
			};
			name = Debug;
		};
		507D3CF3271DC20300EEA707 /* Release */ = {
			isa = XCBuildConfiguration;
			buildSettings = {
				ALWAYS_EMBED_SWIFT_STANDARD_LIBRARIES = YES;
				CLANG_CXX_LANGUAGE_STANDARD = "gnu++17";
				CLANG_ENABLE_OBJC_WEAK = YES;
				CLANG_WARN_DEPRECATED_OBJC_IMPLEMENTATIONS = YES;
				CLANG_WARN_OBJC_IMPLICIT_RETAIN_SELF = YES;
				CLANG_WARN_QUOTED_INCLUDE_IN_FRAMEWORK_HEADER = YES;
				CODE_SIGN_STYLE = Automatic;
				CURRENT_PROJECT_VERSION = 1;
				DEVELOPMENT_TEAM = 9YN2HU59K8;
				GENERATE_INFOPLIST_FILE = YES;
				IPHONEOS_DEPLOYMENT_TARGET = 15.0;
				LD_RUNPATH_SEARCH_PATHS = "$(inherited) @executable_path/Frameworks @loader_path/Frameworks";
				MARKETING_VERSION = 1.0;
				MTL_FAST_MATH = YES;
				PRODUCT_BUNDLE_IDENTIFIER = "io.ionic.wowzaStarter.My-App-ClipUITests";
				PRODUCT_NAME = "$(TARGET_NAME)";
				SWIFT_EMIT_LOC_STRINGS = NO;
				SWIFT_VERSION = 5.0;
				TARGETED_DEVICE_FAMILY = "1,2";
				TEST_TARGET_NAME = "My App Clip";
			};
			name = Release;
		};
		507D3D07271DC2D000EEA707 /* Debug */ = {
			isa = XCBuildConfiguration;
			buildSettings = {
				CLANG_CXX_LANGUAGE_STANDARD = "gnu++17";
				CLANG_ENABLE_OBJC_WEAK = YES;
				CLANG_WARN_DEPRECATED_OBJC_IMPLEMENTATIONS = YES;
				CLANG_WARN_OBJC_IMPLICIT_RETAIN_SELF = YES;
				CLANG_WARN_QUOTED_INCLUDE_IN_FRAMEWORK_HEADER = YES;
				CODE_SIGN_STYLE = Automatic;
				CURRENT_PROJECT_VERSION = 1;
				GENERATE_INFOPLIST_FILE = YES;
				INFOPLIST_FILE = "My Share Extension/Info.plist";
				INFOPLIST_KEY_CFBundleDisplayName = "My Share Extension";
				INFOPLIST_KEY_NSHumanReadableCopyright = "";
				IPHONEOS_DEPLOYMENT_TARGET = 15.0;
				LD_RUNPATH_SEARCH_PATHS = "$(inherited) @executable_path/Frameworks @executable_path/../../Frameworks";
				MARKETING_VERSION = 1.0;
				MTL_ENABLE_DEBUG_INFO = INCLUDE_SOURCE;
				MTL_FAST_MATH = YES;
				PRODUCT_BUNDLE_IDENTIFIER = "io.ionic.wowzaStarter.My-Share-Extension";
				PRODUCT_NAME = "$(TARGET_NAME)";
				SKIP_INSTALL = YES;
				SWIFT_EMIT_LOC_STRINGS = YES;
				SWIFT_VERSION = 5.0;
				TARGETED_DEVICE_FAMILY = "1,2";
			};
			name = Debug;
		};
		507D3D08271DC2D000EEA707 /* Release */ = {
			isa = XCBuildConfiguration;
			buildSettings = {
				CLANG_CXX_LANGUAGE_STANDARD = "gnu++17";
				CLANG_ENABLE_OBJC_WEAK = YES;
				CLANG_WARN_DEPRECATED_OBJC_IMPLEMENTATIONS = YES;
				CLANG_WARN_OBJC_IMPLICIT_RETAIN_SELF = YES;
				CLANG_WARN_QUOTED_INCLUDE_IN_FRAMEWORK_HEADER = YES;
				CODE_SIGN_STYLE = Automatic;
				CURRENT_PROJECT_VERSION = 1;
				GENERATE_INFOPLIST_FILE = YES;
				INFOPLIST_FILE = "My Share Extension/Info.plist";
				INFOPLIST_KEY_CFBundleDisplayName = "My Share Extension";
				INFOPLIST_KEY_NSHumanReadableCopyright = "";
				IPHONEOS_DEPLOYMENT_TARGET = 15.0;
				LD_RUNPATH_SEARCH_PATHS = "$(inherited) @executable_path/Frameworks @executable_path/../../Frameworks";
				MARKETING_VERSION = 1.0;
				MTL_FAST_MATH = YES;
				PRODUCT_BUNDLE_IDENTIFIER = "io.ionic.wowzaStarter.My-Share-Extension";
				PRODUCT_NAME = "$(TARGET_NAME)";
				SKIP_INSTALL = YES;
				SWIFT_EMIT_LOC_STRINGS = YES;
				SWIFT_VERSION = 5.0;
				TARGETED_DEVICE_FAMILY = "1,2";
			};
			name = Release;
		};
/* End XCBuildConfiguration section */

/* Begin XCConfigurationList section */
		504EC2FF1FED79650016851F /* Build configuration list for PBXProject "App" */ = {
			isa = XCConfigurationList;
			buildConfigurations = (
				504EC3141FED79650016851F /* Debug */,
				504EC3151FED79650016851F /* Release */,
			);
			defaultConfigurationIsVisible = 0;
			defaultConfigurationName = Release;
		};
		504EC3161FED79650016851F /* Build configuration list for PBXNativeTarget "App" */ = {
			isa = XCConfigurationList;
			buildConfigurations = (
				504EC3171FED79650016851F /* Debug */,
				504EC3181FED79650016851F /* Release */,
			);
			defaultConfigurationIsVisible = 0;
			defaultConfigurationName = Release;
		};
		507D3CF4271DC20400EEA707 /* Build configuration list for PBXNativeTarget "My App Clip" */ = {
			isa = XCConfigurationList;
			buildConfigurations = (
				507D3CEE271DC20300EEA707 /* Debug */,
				507D3CEF271DC20300EEA707 /* Release */,
			);
			defaultConfigurationIsVisible = 0;
			defaultConfigurationName = Release;
		};
		507D3CF5271DC20400EEA707 /* Build configuration list for PBXNativeTarget "My App ClipTests" */ = {
			isa = XCConfigurationList;
			buildConfigurations = (
				507D3CF0271DC20300EEA707 /* Debug */,
				507D3CF1271DC20300EEA707 /* Release */,
			);
			defaultConfigurationIsVisible = 0;
			defaultConfigurationName = Release;
		};
		507D3CF6271DC20400EEA707 /* Build configuration list for PBXNativeTarget "My App ClipUITests" */ = {
			isa = XCConfigurationList;
			buildConfigurations = (
				507D3CF2271DC20300EEA707 /* Debug */,
				507D3CF3271DC20300EEA707 /* Release */,
			);
			defaultConfigurationIsVisible = 0;
			defaultConfigurationName = Release;
		};
		507D3D06271DC2D000EEA707 /* Build configuration list for PBXNativeTarget "My Share Extension" */ = {
			isa = XCConfigurationList;
			buildConfigurations = (
				507D3D07271DC2D000EEA707 /* Debug */,
				507D3D08271DC2D000EEA707 /* Release */,
			);
			defaultConfigurationIsVisible = 0;
			defaultConfigurationName = Release;
		};
/* End XCConfigurationList section */
	};
	rootObject = 504EC2FC1FED79650016851F /* Project object */;
}
